
Microsoft Visual Studio Solution File, Format Version 12.00
# Visual Studio Version 16
VisualStudioVersion = 16.0.30804.86
MinimumVisualStudioVersion = 10.0.40219.1
Project("{9A19103F-16F7-4668-BE54-9A1E7A4F7556}") = "Adv.Sniffer", "Adv.Sniffer\Adv.Sniffer.csproj", "{A58899A2-2C18-482E-8399-A2B18AC4F71A}"
EndProject
Project("{9A19103F-16F7-4668-BE54-9A1E7A4F7556}") = "Adv.Comparer", "Adv.Comparer\Adv.Comparer.csproj", "{5C56629E-BFED-49E5-908B-2846BD65F7A6}"
EndProject
Project("{8BC9CEB8-8B4A-11D0-8D11-00A0C91BC942}") = "Adv.Spy", "Adv.Spy\Adv.Spy.vcxproj", "{967CC740-6D00-4ABB-9B66-0E5CC7C4D700}"
EndProject
Project("{8BC9CEB8-8B4A-11D0-8D11-00A0C91BC942}") = "Adv.Agency", "Adv.Agency\Adv.Agency.vcxproj", "{DA180D21-C0B7-4F69-B296-89425840868D}"
EndProject
Project("{FAE04EC0-301F-11D3-BF4B-00C04F79EFBC}") = "Adv.Server", "Adv.Server\Adv.Server.csproj", "{A41B53A6-CBEE-4391-AF7E-2B6D24572E9E}"
EndProject
Global
	GlobalSection(SolutionConfigurationPlatforms) = preSolution
		Debug|Any CPU = Debug|Any CPU
		Debug|x64 = Debug|x64
		Debug|x86 = Debug|x86
		Release|Any CPU = Release|Any CPU
		Release|x64 = Release|x64
		Release|x86 = Release|x86
	EndGlobalSection
	GlobalSection(ProjectConfigurationPlatforms) = postSolution
		{A58899A2-2C18-482E-8399-A2B18AC4F71A}.Debug|Any CPU.ActiveCfg = Debug|Any CPU
		{A58899A2-2C18-482E-8399-A2B18AC4F71A}.Debug|Any CPU.Build.0 = Debug|Any CPU
		{A58899A2-2C18-482E-8399-A2B18AC4F71A}.Debug|x64.ActiveCfg = Debug|Any CPU
		{A58899A2-2C18-482E-8399-A2B18AC4F71A}.Debug|x64.Build.0 = Debug|Any CPU
		{A58899A2-2C18-482E-8399-A2B18AC4F71A}.Debug|x86.ActiveCfg = Debug|Any CPU
		{A58899A2-2C18-482E-8399-A2B18AC4F71A}.Debug|x86.Build.0 = Debug|Any CPU
		{A58899A2-2C18-482E-8399-A2B18AC4F71A}.Release|Any CPU.ActiveCfg = Release|Any CPU
		{A58899A2-2C18-482E-8399-A2B18AC4F71A}.Release|Any CPU.Build.0 = Release|Any CPU
		{A58899A2-2C18-482E-8399-A2B18AC4F71A}.Release|x64.ActiveCfg = Release|Any CPU
		{A58899A2-2C18-482E-8399-A2B18AC4F71A}.Release|x64.Build.0 = Release|Any CPU
		{A58899A2-2C18-482E-8399-A2B18AC4F71A}.Release|x86.ActiveCfg = Release|Any CPU
		{A58899A2-2C18-482E-8399-A2B18AC4F71A}.Release|x86.Build.0 = Release|Any CPU
		{5C56629E-BFED-49E5-908B-2846BD65F7A6}.Debug|Any CPU.ActiveCfg = Debug|Any CPU
		{5C56629E-BFED-49E5-908B-2846BD65F7A6}.Debug|Any CPU.Build.0 = Debug|Any CPU
		{5C56629E-BFED-49E5-908B-2846BD65F7A6}.Debug|x64.ActiveCfg = Debug|Any CPU
		{5C56629E-BFED-49E5-908B-2846BD65F7A6}.Debug|x64.Build.0 = Debug|Any CPU
		{5C56629E-BFED-49E5-908B-2846BD65F7A6}.Debug|x86.ActiveCfg = Debug|Any CPU
		{5C56629E-BFED-49E5-908B-2846BD65F7A6}.Debug|x86.Build.0 = Debug|Any CPU
		{5C56629E-BFED-49E5-908B-2846BD65F7A6}.Release|Any CPU.ActiveCfg = Release|Any CPU
		{5C56629E-BFED-49E5-908B-2846BD65F7A6}.Release|Any CPU.Build.0 = Release|Any CPU
		{5C56629E-BFED-49E5-908B-2846BD65F7A6}.Release|x64.ActiveCfg = Release|Any CPU
		{5C56629E-BFED-49E5-908B-2846BD65F7A6}.Release|x64.Build.0 = Release|Any CPU
		{5C56629E-BFED-49E5-908B-2846BD65F7A6}.Release|x86.ActiveCfg = Release|Any CPU
		{5C56629E-BFED-49E5-908B-2846BD65F7A6}.Release|x86.Build.0 = Release|Any CPU
		{967CC740-6D00-4ABB-9B66-0E5CC7C4D700}.Debug|Any CPU.ActiveCfg = Debug|Win32
		{967CC740-6D00-4ABB-9B66-0E5CC7C4D700}.Debug|x64.ActiveCfg = Debug|x64
		{967CC740-6D00-4ABB-9B66-0E5CC7C4D700}.Debug|x64.Build.0 = Debug|x64
		{967CC740-6D00-4ABB-9B66-0E5CC7C4D700}.Debug|x86.ActiveCfg = Debug|Win32
		{967CC740-6D00-4ABB-9B66-0E5CC7C4D700}.Debug|x86.Build.0 = Debug|Win32
		{967CC740-6D00-4ABB-9B66-0E5CC7C4D700}.Release|Any CPU.ActiveCfg = Release|Win32
		{967CC740-6D00-4ABB-9B66-0E5CC7C4D700}.Release|x64.ActiveCfg = Release|x64
		{967CC740-6D00-4ABB-9B66-0E5CC7C4D700}.Release|x64.Build.0 = Release|x64
		{967CC740-6D00-4ABB-9B66-0E5CC7C4D700}.Release|x86.ActiveCfg = Release|Win32
		{967CC740-6D00-4ABB-9B66-0E5CC7C4D700}.Release|x86.Build.0 = Release|Win32
		{DA180D21-C0B7-4F69-B296-89425840868D}.Debug|Any CPU.ActiveCfg = Debug|Win32
		{DA180D21-C0B7-4F69-B296-89425840868D}.Debug|x64.ActiveCfg = Debug|x64
		{DA180D21-C0B7-4F69-B296-89425840868D}.Debug|x64.Build.0 = Debug|x64
		{DA180D21-C0B7-4F69-B296-89425840868D}.Debug|x86.ActiveCfg = Debug|Win32
		{DA180D21-C0B7-4F69-B296-89425840868D}.Debug|x86.Build.0 = Debug|Win32
		{DA180D21-C0B7-4F69-B296-89425840868D}.Release|Any CPU.ActiveCfg = Release|Win32
		{DA180D21-C0B7-4F69-B296-89425840868D}.Release|x64.ActiveCfg = Release|x64
		{DA180D21-C0B7-4F69-B296-89425840868D}.Release|x64.Build.0 = Release|x64
		{DA180D21-C0B7-4F69-B296-89425840868D}.Release|x86.ActiveCfg = Release|Win32
		{DA180D21-C0B7-4F69-B296-89425840868D}.Release|x86.Build.0 = Release|Win32
		{A41B53A6-CBEE-4391-AF7E-2B6D24572E9E}.Debug|Any CPU.ActiveCfg = Debug|Any CPU
		{A41B53A6-CBEE-4391-AF7E-2B6D24572E9E}.Debug|Any CPU.Build.0 = Debug|Any CPU
		{A41B53A6-CBEE-4391-AF7E-2B6D24572E9E}.Debug|x64.ActiveCfg = Debug|Any CPU
		{A41B53A6-CBEE-4391-AF7E-2B6D24572E9E}.Debug|x64.Build.0 = Debug|Any CPU
		{A41B53A6-CBEE-4391-AF7E-2B6D24572E9E}.Debug|x86.ActiveCfg = Debug|Any CPU
		{A41B53A6-CBEE-4391-AF7E-2B6D24572E9E}.Debug|x86.Build.0 = Debug|Any CPU
		{A41B53A6-CBEE-4391-AF7E-2B6D24572E9E}.Release|Any CPU.ActiveCfg = Release|Any CPU
		{A41B53A6-CBEE-4391-AF7E-2B6D24572E9E}.Release|Any CPU.Build.0 = Release|Any CPU
		{A41B53A6-CBEE-4391-AF7E-2B6D24572E9E}.Release|x64.ActiveCfg = Release|Any CPU
		{A41B53A6-CBEE-4391-AF7E-2B6D24572E9E}.Release|x64.Build.0 = Release|Any CPU
		{A41B53A6-CBEE-4391-AF7E-2B6D24572E9E}.Release|x86.ActiveCfg = Release|Any CPU
		{A41B53A6-CBEE-4391-AF7E-2B6D24572E9E}.Release|x86.Build.0 = Release|Any CPU
	EndGlobalSection
	GlobalSection(SolutionProperties) = preSolution
		HideSolutionNode = FALSE
	EndGlobalSection
	GlobalSection(ExtensibilityGlobals) = postSolution
		SolutionGuid = {FD62EC76-8A57-44AD-B5A5-113A0580C31F}
	EndGlobalSection
EndGlobal
